
Microsoft Visual Studio Solution File, Format Version 12.00
# Visual Studio Version 17
VisualStudioVersion = 17.2.32526.322
MinimumVisualStudioVersion = 10.0.40219.1
Project("{FAE04EC0-301F-11D3-BF4B-00C04F79EFBC}") = "DemoApp", "DemoApp\DemoApp.csproj", "{4E43E9DE-A2B4-418E-9EE9-6EF7E8394868}"
EndProject
Global
	GlobalSection(SolutionConfigurationPlatforms) = preSolution
		Debug|Any CPU = Debug|Any CPU
		Release|Any CPU = Release|Any CPU
	EndGlobalSection
	GlobalSection(ProjectConfigurationPlatforms) = postSolution
		{4E43E9DE-A2B4-418E-9EE9-6EF7E8394868}.Debug|Any CPU.ActiveCfg = Debug|Any CPU
		{4E43E9DE-A2B4-418E-9EE9-6EF7E8394868}.Debug|Any CPU.Build.0 = Debug|Any CPU
		{4E43E9DE-A2B4-418E-9EE9-6EF7E8394868}.Release|Any CPU.ActiveCfg = Release|Any CPU
		{4E43E9DE-A2B4-418E-9EE9-6EF7E8394868}.Release|Any CPU.Build.0 = Release|Any CPU
	EndGlobalSection
	GlobalSection(SolutionProperties) = preSolution
		HideSolutionNode = FALSE
	EndGlobalSection
	GlobalSection(ExtensibilityGlobals) = postSolution
		SolutionGuid = {73462220-AFA0-4233-ACD9-355D435A64C7}
	EndGlobalSection
EndGlobal
